# THIS IS AN AUTOGENERATED FILE. DO NOT EDIT THIS FILE DIRECTLY.
# yarn lockfile v1


"@material/animation@^5.1.0":
  version "5.1.0"
  resolved "https://registry.yarnpkg.com/@material/animation/-/animation-5.1.0.tgz#f2d2ffe346f2612bb40d9e8bfb976290b91173f7"
  integrity sha512-qZuPCZkTsCQCzx5EtY2eNBcmYOMGMbFVq6VTmvQztDCYDykT8JfP8Hpk55Y5bGORHvBbIasUXzoAhfQs6w/Bdg==
  dependencies:
    tslib "^1.9.3"

"@material/base@^5.1.0":
  version "5.1.0"
  resolved "https://registry.yarnpkg.com/@material/base/-/base-5.1.0.tgz#bd252eb3674c27c1ce690ad98905b4b1d39da30a"
  integrity sha512-UxVFKpSNaoKqd7hHxy9hrvwANp0WJy/BZqu8Rj/aRvKnBZnuHehFuOysI9WqdeTqgveJaQoj6EEkVEqLurR5Sg==
  dependencies:
    tslib "^1.9.3"

"@material/density@^5.1.0":
  version "5.1.0"
  resolved "https://registry.yarnpkg.com/@material/density/-/density-5.1.0.tgz#d36512d413a00595122f98303766dae6b9e9fabe"
  integrity sha512-jmp6AgiNYosl+HicxWCa8vib9pg9tNxRcf+6f9LDkDYJ9jtO90PXuypyd0hO64JZ9Df7BywFj5hTWPERG1FBbw==

"@material/dom@^5.1.0":
  version "5.1.0"
  resolved "https://registry.yarnpkg.com/@material/dom/-/dom-5.1.0.tgz#fefb96e1f744653dfc3ecdb01f7ebef81ce1faeb"
  integrity sha512-tBbl3hG34Auv+2sboWhtstXeZ9rx3G7hb/jEXs5xZ5KIfZHwY4mbo0KqR/fSJZKaUsvk2Nc/UEOVcUx2mTNmYg==
  dependencies:
    tslib "^1.9.3"

"@material/elevation@^5.1.0":
  version "5.1.0"
  resolved "https://registry.yarnpkg.com/@material/elevation/-/elevation-5.1.0.tgz#569065f858dd1dfb83d3ba4951ed6e449da1d545"
  integrity sha512-NsWIT+L6x3BLouCOh3H8x885/nCrNNmzCwHEodz/0PcYQsxx9RiIVFkagmJWw/w//jej/D4NotD0xHGKOWTrFA==
  dependencies:
    "@material/animation" "^5.1.0"
    "@material/base" "^5.1.0"
    "@material/feature-targeting" "^5.1.0"
    "@material/theme" "^5.1.0"

"@material/feature-targeting@^5.1.0":
  version "5.1.0"
  resolved "https://registry.yarnpkg.com/@material/feature-targeting/-/feature-targeting-5.1.0.tgz#49265bbd4ff59b1cd20a385b5547f7c246cb1955"
  integrity sha512-z3JNWF7lP9WOzw1xBwul/HAOu4qC6EpK/8MkhjLNI9APvdYML82PWS1V0k0MiqA6Jk6uxm8DiVAk9VUqBa9/YA==

"@material/icon-button@^5.1.0":
  version "5.1.0"
  resolved "https://registry.yarnpkg.com/@material/icon-button/-/icon-button-5.1.0.tgz#224c5607ca272feac41ec223816ee1233fb2b018"
  integrity sha512-HLdSkqDH1wx5YSBHz8dGEL2BKv8IDqhRul7wea9i9/3RcQz3hb5+OYpq8iiXqpxcVPVlWNud2w1oyvmEXRTdZQ==
  dependencies:
    "@material/base" "^5.1.0"
    "@material/density" "^5.1.0"
    "@material/feature-targeting" "^5.1.0"
    "@material/ripple" "^5.1.0"
    "@material/theme" "^5.1.0"
    tslib "^1.9.3"

"@material/layout-grid@^5.1.0":
  version "5.1.0"
  resolved "https://registry.yarnpkg.com/@material/layout-grid/-/layout-grid-5.1.0.tgz#a1f584bfdd3a1f11db37aa63c512b4c3c1dbfee9"
  integrity sha512-6TvPVZE+UGVfmzttbRp0K6SOUvFmYI5W8p966Vztg8dYK122ondRJqMmyFf0SS0CdbrbO+bSW7/S3YkpPNrvAg==

"@material/list@^5.1.0":
  version "5.1.0"
  resolved "https://registry.yarnpkg.com/@material/list/-/list-5.1.0.tgz#04c010e393c88c7da2091426fd12b8206585c37e"
  integrity sha512-fcHMJLmmtFYeMU8CO9VsXoRRm3/2jhPVMWK3lpuARZxvkNyZqjQG0mGtpWgw4oekerM/B37TGGFmN3R5DSyGcg==
  dependencies:
    "@material/base" "^5.1.0"
    "@material/density" "^5.1.0"
    "@material/dom" "^5.1.0"
    "@material/feature-targeting" "^5.1.0"
    "@material/ripple" "^5.1.0"
    "@material/rtl" "^5.1.0"
    "@material/shape" "^5.1.0"
    "@material/theme" "^5.1.0"
    "@material/typography" "^5.1.0"
    tslib "^1.9.3"

"@material/ripple@^5.1.0":
  version "5.1.0"
  resolved "https://registry.yarnpkg.com/@material/ripple/-/ripple-5.1.0.tgz#6624e0ff7718d6bfa65fecd0bca4c03d2696c07b"
  integrity sha512-mluIf+HaaCplszp9/MAl178FpfIJWi5hSyQOpF7w8RTzRSaH8J0uwgmn8VeNnwe1TAWio0vQzHrz4iEg2r7Ngw==
  dependencies:
    "@material/animation" "^5.1.0"
    "@material/base" "^5.1.0"
    "@material/dom" "^5.1.0"
    "@material/feature-targeting" "^5.1.0"
    "@material/theme" "^5.1.0"
    tslib "^1.9.3"

"@material/rtl@^5.1.0":
  version "5.1.0"
  resolved "https://registry.yarnpkg.com/@material/rtl/-/rtl-5.1.0.tgz#abd8c2bb5322b8fbe549e2f467791612720da746"
  integrity sha512-Hij4KJIfjK63HArdQ3K1INMo0MbigDgL0JhjO1VDk5c+iYmYpjDI7wgPLmV5ISCBtenXRWpo1xbBO3uEmtCd4Q==

"@material/shape@^5.1.0":
  version "5.1.0"
  resolved "https://registry.yarnpkg.com/@material/shape/-/shape-5.1.0.tgz#155d01c6fdc90a9225fef297fe146c1946a6c147"
  integrity sha512-/k27T9fhQ1zj7VCsS26nv0TzsOi142ncik2mycEXq8753PDBotob7Y19pbwivwt9QxkglhMGH0EaWdZPzBoQXw==
  dependencies:
    "@material/feature-targeting" "^5.1.0"
    "@material/rtl" "^5.1.0"

"@material/theme@^5.1.0":
  version "5.1.0"
  resolved "https://registry.yarnpkg.com/@material/theme/-/theme-5.1.0.tgz#013c37d055afc5d4045c77e44c9fd1f940ff865b"
  integrity sha512-VoaCYAubn/oEG1/fu/yP4nxAw8sLEphFOGGBJxcPGQoLgQ9qcvibsV3G5H9S6AtmhJxgSGU0JnO9TaiuhQq5zA==
  dependencies:
    "@material/feature-targeting" "^5.1.0"

"@material/top-app-bar@^5.1.0":
  version "5.1.0"
  resolved "https://registry.yarnpkg.com/@material/top-app-bar/-/top-app-bar-5.1.0.tgz#c67980874170e6d89fe1c19f03064bfe0257c52a"
  integrity sha512-ySCUpwIFnCmY/I9/XPs0IPBCvjWzc2NQ7mquG7qQoaUVUqWTNMyL15zG6CeDf2/Nk14mlSRNM4LRPFWenCdJoQ==
  dependencies:
    "@material/animation" "^5.1.0"
    "@material/base" "^5.1.0"
    "@material/elevation" "^5.1.0"
    "@material/ripple" "^5.1.0"
    "@material/rtl" "^5.1.0"
    "@material/shape" "^5.1.0"
    "@material/theme" "^5.1.0"
    "@material/typography" "^5.1.0"
    tslib "^1.9.3"

"@material/typography@^5.1.0":
  version "5.1.0"
  resolved "https://registry.yarnpkg.com/@material/typography/-/typography-5.1.0.tgz#b346f4139b231f17c84c439a1c7af311c40c5844"
  integrity sha512-yh02koa6JLyPT5u7Zb31kyqhoZoppL0n9FmZK+eHXZcfeDF7ROL0UmtRsEjQxfnCNZRR+FIhAgrzdYxClwH05g==
  dependencies:
    "@material/feature-targeting" "^5.1.0"
    "@material/theme" "^5.1.0"

"@next/env@12.1.0":
  version "12.1.0"
  resolved "https://registry.yarnpkg.com/@next/env/-/env-12.1.0.tgz#73713399399b34aa5a01771fb73272b55b22c314"
  integrity sha512-nrIgY6t17FQ9xxwH3jj0a6EOiQ/WDHUos35Hghtr+SWN/ntHIQ7UpuvSi0vaLzZVHQWaDupKI+liO5vANcDeTQ==

"@next/swc-android-arm64@12.1.0":
  version "12.1.0"
  resolved "https://registry.yarnpkg.com/@next/swc-android-arm64/-/swc-android-arm64-12.1.0.tgz#865ba3a9afc204ff2bdeea49dd64d58705007a39"
  integrity sha512-/280MLdZe0W03stA69iL+v6I+J1ascrQ6FrXBlXGCsGzrfMaGr7fskMa0T5AhQIVQD4nA/46QQWxG//DYuFBcA==

"@next/swc-darwin-arm64@12.1.0":
  version "12.1.0"
  resolved "https://registry.yarnpkg.com/@next/swc-darwin-arm64/-/swc-darwin-arm64-12.1.0.tgz#08e8b411b8accd095009ed12efbc2f1d4d547135"
  integrity sha512-R8vcXE2/iONJ1Unf5Ptqjk6LRW3bggH+8drNkkzH4FLEQkHtELhvcmJwkXcuipyQCsIakldAXhRbZmm3YN1vXg==

"@next/swc-darwin-x64@12.1.0":
  version "12.1.0"
  resolved "https://registry.yarnpkg.com/@next/swc-darwin-x64/-/swc-darwin-x64-12.1.0.tgz#fcd684497a76e8feaca88db3c394480ff0b007cd"
  integrity sha512-ieAz0/J0PhmbZBB8+EA/JGdhRHBogF8BWaeqR7hwveb6SYEIJaDNQy0I+ZN8gF8hLj63bEDxJAs/cEhdnTq+ug==

"@next/swc-linux-arm-gnueabihf@12.1.0":
  version "12.1.0"
  resolved "https://registry.yarnpkg.com/@next/swc-linux-arm-gnueabihf/-/swc-linux-arm-gnueabihf-12.1.0.tgz#9ec6380a27938a5799aaa6035c205b3c478468a7"
  integrity sha512-njUd9hpl6o6A5d08dC0cKAgXKCzm5fFtgGe6i0eko8IAdtAPbtHxtpre3VeSxdZvuGFh+hb0REySQP9T1ttkog==

"@next/swc-linux-arm64-gnu@12.1.0":
  version "12.1.0"
  resolved "https://registry.yarnpkg.com/@next/swc-linux-arm64-gnu/-/swc-linux-arm64-gnu-12.1.0.tgz#7f4196dff1049cea479607c75b81033ae2dbd093"
  integrity sha512-OqangJLkRxVxMhDtcb7Qn1xjzFA3s50EIxY7mljbSCLybU+sByPaWAHY4px97ieOlr2y4S0xdPKkQ3BCAwyo6Q==

"@next/swc-linux-arm64-musl@12.1.0":
  version "12.1.0"
  resolved "https://registry.yarnpkg.com/@next/swc-linux-arm64-musl/-/swc-linux-arm64-musl-12.1.0.tgz#b445f767569cdc2dddee785ca495e1a88c025566"
  integrity sha512-hB8cLSt4GdmOpcwRe2UzI5UWn6HHO/vLkr5OTuNvCJ5xGDwpPXelVkYW/0+C3g5axbDW2Tym4S+MQCkkH9QfWA==

"@next/swc-linux-x64-gnu@12.1.0":
  version "12.1.0"
  resolved "https://registry.yarnpkg.com/@next/swc-linux-x64-gnu/-/swc-linux-x64-gnu-12.1.0.tgz#67610e9be4fbc987de7535f1bcb17e45fe12f90e"
  integrity sha512-OKO4R/digvrVuweSw/uBM4nSdyzsBV5EwkUeeG4KVpkIZEe64ZwRpnFB65bC6hGwxIBnTv5NMSnJ+0K/WmG78A==

"@next/swc-linux-x64-musl@12.1.0":
  version "12.1.0"
  resolved "https://registry.yarnpkg.com/@next/swc-linux-x64-musl/-/swc-linux-x64-musl-12.1.0.tgz#ea19a23db08a9f2e34ac30401f774cf7d1669d31"
  integrity sha512-JohhgAHZvOD3rQY7tlp7NlmvtvYHBYgY0x5ZCecUT6eCCcl9lv6iV3nfu82ErkxNk1H893fqH0FUpznZ/H3pSw==

"@next/swc-win32-arm64-msvc@12.1.0":
  version "12.1.0"
  resolved "https://registry.yarnpkg.com/@next/swc-win32-arm64-msvc/-/swc-win32-arm64-msvc-12.1.0.tgz#eadf054fc412085659b98e145435bbba200b5283"
  integrity sha512-T/3gIE6QEfKIJ4dmJk75v9hhNiYZhQYAoYm4iVo1TgcsuaKLFa+zMPh4056AHiG6n9tn2UQ1CFE8EoybEsqsSw==

"@next/swc-win32-ia32-msvc@12.1.0":
  version "12.1.0"
  resolved "https://registry.yarnpkg.com/@next/swc-win32-ia32-msvc/-/swc-win32-ia32-msvc-12.1.0.tgz#68faeae10c89f698bf9d28759172b74c9c21bda1"
  integrity sha512-iwnKgHJdqhIW19H9PRPM9j55V6RdcOo6rX+5imx832BCWzkDbyomWnlzBfr6ByUYfhohb8QuH4hSGEikpPqI0Q==

"@next/swc-win32-x64-msvc@12.1.0":
  version "12.1.0"
  resolved "https://registry.yarnpkg.com/@next/swc-win32-x64-msvc/-/swc-win32-x64-msvc-12.1.0.tgz#d27e7e76c87a460a4da99c5bfdb1618dcd6cd064"
  integrity sha512-aBvcbMwuanDH4EMrL2TthNJy+4nP59Bimn8egqv6GHMVj0a44cU6Au4PjOhLNqEh9l+IpRGBqMTzec94UdC5xg==

"@rmwc/base@^6.0.3", "@rmwc/base@^6.1.4":
  version "6.1.4"
  resolved "https://registry.yarnpkg.com/@rmwc/base/-/base-6.1.4.tgz#0e6a132eee28e0f0e1dd409fc917b8b035754a02"
  integrity sha512-8HOKn+Dt+lVCat0Ug9aY0EorshuvM2gG1tQqT6+/m2IzqGhCL0mN5swxnOMWH0RD0K/XVa2CM1NyEd558/RvTA==
  dependencies:
    "@material/dom" "^5.1.0"
    "@rmwc/types" "^6.0.5"
    "@types/classnames" "^2.2.7"
    classnames "^2.2.6"
    hyperform "^0.11.0"
    mutation-observer "^1.0.3"
    tslib "^1.10.0"

"@rmwc/grid@^6.0.3":
  version "6.1.4"
  resolved "https://registry.yarnpkg.com/@rmwc/grid/-/grid-6.1.4.tgz#f59c2c8399792a73231fd6e9684620a024ec9f14"
  integrity sha512-WaW+LF1YAnQz0gX50ZH7HbukDtNW+Ph/f8mSpmMvUoadL1W6ndDUzFDZbeVBlx2xn0Aj4Jut2XOyA9HEchiWBg==
  dependencies:
    "@material/layout-grid" "^5.1.0"
    "@rmwc/base" "^6.1.4"
    "@rmwc/types" "^6.0.5"

"@rmwc/icon-button@^6.1.4":
  version "6.1.4"
  resolved "https://registry.yarnpkg.com/@rmwc/icon-button/-/icon-button-6.1.4.tgz#8fb6faff493fcb4f55243454b68e134261a83161"
  integrity sha512-7P/R6J+ZvUGzgEMQsKNOHRqGU4aW4a6GNl6XM34HPsCjFE+LktNenKhcyCTzB7KVWKiofsOe+o0QBquuuo+HdA==
  dependencies:
    "@material/icon-button" "^5.1.0"
    "@rmwc/base" "^6.1.4"
    "@rmwc/icon" "^6.1.4"
    "@rmwc/ripple" "^6.1.4"
    "@rmwc/types" "^6.0.5"

"@rmwc/icon@^6.1.4":
  version "6.1.4"
  resolved "https://registry.yarnpkg.com/@rmwc/icon/-/icon-6.1.4.tgz#59ecfe641228b2f5d5d3ada7f22ff255bb9f9418"
  integrity sha512-y+qhbXqHsuXYa1kQPrkSlMG/0S6GIlEpT/nQwKpGjz2FXiwxikeiYZ6siXLVK6Y3uFiOCA7gbGGsd9BMDWljxg==
  dependencies:
    "@rmwc/base" "^6.1.4"
    "@rmwc/provider" "^6.1.4"
    "@rmwc/types" "^6.0.5"

"@rmwc/list@^6.0.3":
  version "6.1.4"
  resolved "https://registry.yarnpkg.com/@rmwc/list/-/list-6.1.4.tgz#8cf40d97ded1978b678744e5af0d61226b250460"
  integrity sha512-/7gAQdYKKDQ554S6JGzEZye+nLTeDhV4M92AwfnXhDxAP+BsLrF5Kxxfw1UD/4M1IpIPDc5diXTTfStiiWMFkw==
  dependencies:
    "@material/list" "^5.1.0"
    "@rmwc/base" "^6.1.4"
    "@rmwc/icon" "^6.1.4"
    "@rmwc/provider" "^6.1.4"
    "@rmwc/ripple" "^6.1.4"
    "@rmwc/types" "^6.0.5"

"@rmwc/provider@^6.1.4":
  version "6.1.4"
  resolved "https://registry.yarnpkg.com/@rmwc/provider/-/provider-6.1.4.tgz#8af9d629df4fc045a68e94d019bbcb5cf7f9120e"
  integrity sha512-883PclFrzv6KL/2R613/zdBDZe2d5nAWkT8PEU5z9ddWhOG95sJVj2/uuTc2M/l/vnstOI5YtmkbFvYYVd4XBQ==
  dependencies:
    "@rmwc/base" "^6.1.4"
    "@rmwc/types" "^6.0.5"

"@rmwc/ripple@^6.1.4":
  version "6.1.4"
  resolved "https://registry.yarnpkg.com/@rmwc/ripple/-/ripple-6.1.4.tgz#cf25b93ef141de26cf643bcaf589a345615c4021"
  integrity sha512-bWir1kCOC8h0Dr7/wk89vkZ2icfMbObYk+/1cznukRy7m5QmUvFHFKrUFANT1Qk1w6yFxXG9qZrbnXI22c23MA==
  dependencies:
    "@material/ripple" "^5.1.0"
    "@rmwc/base" "^6.1.4"
    "@rmwc/provider" "^6.1.4"
    "@rmwc/types" "^6.0.5"

"@rmwc/theme@^6.0.3":
  version "6.1.4"
  resolved "https://registry.yarnpkg.com/@rmwc/theme/-/theme-6.1.4.tgz#f74943078ac03acba046b5e50a98ff7d84f4ffc7"
  integrity sha512-52dQNojbY7m5q64QyqU7bNaRyywm4FCrFJK3EVYjmoAyYcWrGAKVqA2cisPv29wpYOdfSC7f0fM93xlOR4MXUQ==
  dependencies:
    "@material/theme" "^5.1.0"
    "@rmwc/base" "^6.1.4"
    "@rmwc/types" "^6.0.5"

"@rmwc/top-app-bar@^6.0.3":
  version "6.1.4"
  resolved "https://registry.yarnpkg.com/@rmwc/top-app-bar/-/top-app-bar-6.1.4.tgz#62ff3a61bf3b45af7cb8bc85c7e4f8cac946de71"
  integrity sha512-sunuUSKkDrJDCjDm0nOleGKxfd1GPQOtIJCKlUYhoZvQaPg3LcSV3LexVze0Ro/QKSRelD+M+iLeNo+9gPTsHw==
  dependencies:
    "@material/top-app-bar" "^5.1.0"
    "@rmwc/base" "^6.1.4"
    "@rmwc/icon-button" "^6.1.4"
    "@rmwc/ripple" "^6.1.4"
    "@rmwc/types" "^6.0.5"

"@rmwc/types@^6.0.5":
  version "6.0.5"
  resolved "https://registry.yarnpkg.com/@rmwc/types/-/types-6.0.5.tgz#2b388d9a1512f06b43d78a1c364299c663e01061"
  integrity sha512-G4NZxakwsTMFxxpEWX90MOlZtVNzCwooLUg7FH7Oh5OJCnKWGmXK8ZMF59vvIEn7zCiEpVroKhOxNpMw9TIUTw==

"@types/classnames@^2.2.7":
  version "2.2.11"
  resolved "https://registry.yarnpkg.com/@types/classnames/-/classnames-2.2.11.tgz#2521cc86f69d15c5b90664e4829d84566052c1cf"
  integrity sha512-2koNhpWm3DgWRp5tpkiJ8JGc1xTn2q0l+jUNUE7oMKXUf5NpI9AIdC4kbjGNFBdHtcxBD18LAksoudAVhFKCjw==

"@types/node@^14.14.14":
  version "14.14.14"
  resolved "https://registry.yarnpkg.com/@types/node/-/node-14.14.14.tgz#f7fd5f3cc8521301119f63910f0fb965c7d761ae"
  integrity sha512-UHnOPWVWV1z+VV8k6L1HhG7UbGBgIdghqF3l9Ny9ApPghbjICXkUJSd/b9gOgQfjM1r+37cipdw/HJ3F6ICEnQ==

"@types/prop-types@*":
  version "15.7.3"
  resolved "https://registry.yarnpkg.com/@types/prop-types/-/prop-types-15.7.3.tgz#2ab0d5da2e5815f94b0b9d4b95d1e5f243ab2ca7"
  integrity sha512-KfRL3PuHmqQLOG+2tGpRO26Ctg+Cq1E01D2DMriKEATHgWLfeNDmq9e29Q9WIky0dQ3NPkd1mzYH8Lm936Z9qw==

"@types/react@^17.0.0":
  version "17.0.0"
  resolved "https://registry.yarnpkg.com/@types/react/-/react-17.0.0.tgz#5af3eb7fad2807092f0046a1302b7823e27919b8"
  integrity sha512-aj/L7RIMsRlWML3YB6KZiXB3fV2t41+5RBGYF8z+tAKU43Px8C3cYUZsDvf1/+Bm4FK21QWBrDutu8ZJ/70qOw==
  dependencies:
    "@types/prop-types" "*"
    csstype "^3.0.2"

caniuse-lite@^1.0.30001283:
  version "1.0.30001312"
  resolved "https://registry.yarnpkg.com/caniuse-lite/-/caniuse-lite-1.0.30001312.tgz#e11eba4b87e24d22697dae05455d5aea28550d5f"
  integrity sha512-Wiz1Psk2MEK0pX3rUzWaunLTZzqS2JYZFzNKqAiJGiuxIjRPLgV6+VDPOg6lQOUxmDwhTlh198JsTTi8Hzw6aQ==

classnames@^2.2.6:
  version "2.2.6"
  resolved "https://registry.yarnpkg.com/classnames/-/classnames-2.2.6.tgz#43935bffdd291f326dad0a205309b38d00f650ce"
  integrity sha512-JR/iSQOSt+LQIWwrwEzJ9uk0xfN3mTVYMwt1Ir5mUcSN6pU+V4zQFFaJsclJbPuAUQH+yfWef6tm7l1quW3C8Q==

csstype@^3.0.2:
  version "3.0.5"
  resolved "https://registry.yarnpkg.com/csstype/-/csstype-3.0.5.tgz#7fdec6a28a67ae18647c51668a9ff95bb2fa7bb8"
  integrity sha512-uVDi8LpBUKQj6sdxNaTetL6FpeCqTjOvAQuQUa/qAqq8oOd4ivkbhgnqayl0dnPal8Tb/yB1tF+gOvCBiicaiQ==

cuint@^0.2.1:
  version "0.2.2"
  resolved "https://registry.yarnpkg.com/cuint/-/cuint-0.2.2.tgz#408086d409550c2631155619e9fa7bcadc3b991b"
  integrity sha1-QICG1AlVDCYxFVYZ6fp7ytw7mRs=

hyperform@^0.11.0:
  version "0.11.0"
  resolved "https://registry.yarnpkg.com/hyperform/-/hyperform-0.11.0.tgz#4edb189b99a613f333ef9e0a826b892d6f086633"
  integrity sha512-HFry1hgItOzFmKXNgAh/yBrULtI/j8DqqnH8V28jVQDxHFjH1cPLl+JDxoVtPoJnO8Yti+MAGubio7wGU6qXGg==

"js-tokens@^3.0.0 || ^4.0.0":
  version "4.0.0"
  resolved "https://registry.yarnpkg.com/js-tokens/-/js-tokens-4.0.0.tgz#19203fb59991df98e3a287050d4647cdeaf32499"
  integrity sha512-RdJUflcE3cUzKiMqQgsCu06FPu9UdIJO0beYbPhHN4k6apgJtifcoCtT9bcxOpYBtpD2kCM6Sbzg4CausW/PKQ==

loose-envify@^1.1.0:
  version "1.4.0"
  resolved "https://registry.yarnpkg.com/loose-envify/-/loose-envify-1.4.0.tgz#71ee51fa7be4caec1a63839f7e682d8132d30caf"
  integrity sha512-lyuxPGr/Wfhrlem2CL/UcnUc1zcqKAImBDzukY7Y5F/yQiNdko6+fRLevlw1HgMySw7f611UIY408EtxRSoK3Q==
  dependencies:
    js-tokens "^3.0.0 || ^4.0.0"

mutation-observer@^1.0.3:
  version "1.0.3"
  resolved "https://registry.yarnpkg.com/mutation-observer/-/mutation-observer-1.0.3.tgz#42e9222b101bca82e5ba9d5a7acf4a14c0f263d0"
  integrity sha512-M/O/4rF2h776hV7qGMZUH3utZLO/jK7p8rnNgGkjKUw8zCGjRQPxB8z6+5l8+VjRUQ3dNYu4vjqXYLr+U8ZVNA==

nanoid@^3.1.30:
  version "3.3.1"
  resolved "https://registry.yarnpkg.com/nanoid/-/nanoid-3.3.1.tgz#6347a18cac88af88f58af0b3594b723d5e99bb35"
  integrity sha512-n6Vs/3KGyxPQd6uO0eH4Bv0ojGSUvuLlIHtC3Y0kEO23YRge8H9x1GCzLn28YX0H66pMkxuaeESFq4tKISKwdw==

next@^12.1.0:
  version "12.1.0"
  resolved "https://registry.yarnpkg.com/next/-/next-12.1.0.tgz#c33d753b644be92fc58e06e5a214f143da61dd5d"
  integrity sha512-s885kWvnIlxsUFHq9UGyIyLiuD0G3BUC/xrH0CEnH5lHEWkwQcHOORgbDF0hbrW9vr/7am4ETfX4A7M6DjrE7Q==
  dependencies:
    "@next/env" "12.1.0"
    caniuse-lite "^1.0.30001283"
    postcss "8.4.5"
    styled-jsx "5.0.0"
    use-subscription "1.5.1"
  optionalDependencies:
    "@next/swc-android-arm64" "12.1.0"
    "@next/swc-darwin-arm64" "12.1.0"
    "@next/swc-darwin-x64" "12.1.0"
    "@next/swc-linux-arm-gnueabihf" "12.1.0"
    "@next/swc-linux-arm64-gnu" "12.1.0"
    "@next/swc-linux-arm64-musl" "12.1.0"
    "@next/swc-linux-x64-gnu" "12.1.0"
    "@next/swc-linux-x64-musl" "12.1.0"
    "@next/swc-win32-arm64-msvc" "12.1.0"
    "@next/swc-win32-ia32-msvc" "12.1.0"
    "@next/swc-win32-x64-msvc" "12.1.0"

node-fetch@latest:
  version "2.6.1"
  resolved "https://registry.yarnpkg.com/node-fetch/-/node-fetch-2.6.1.tgz#045bd323631f76ed2e2b55573394416b639a0052"
  integrity sha512-V4aYg89jEoVRxRb2fJdAg8FHvI7cEyYdVAh94HH0UIK8oJxUfkjlDQN9RbMx+bEjP7+ggMiFRprSti032Oipxw==

object-assign@^4.1.1:
  version "4.1.1"
  resolved "https://registry.yarnpkg.com/object-assign/-/object-assign-4.1.1.tgz#2109adc7965887cfc05cbbd442cac8bfbb360863"
  integrity sha1-IQmtx5ZYh8/AXLvUQsrIv7s2CGM=

picocolors@^1.0.0:
  version "1.0.0"
  resolved "https://registry.yarnpkg.com/picocolors/-/picocolors-1.0.0.tgz#cb5bdc74ff3f51892236eaf79d68bc44564ab81c"
  integrity sha512-1fygroTLlHu66zi26VoTDv8yRgm0Fccecssto+MhsZ0D/DGW2sm8E8AjW7NU5VVTRt5GxbeZ5qBuJr+HyLYkjQ==

postcss@8.4.5:
  version "8.4.5"
  resolved "https://registry.yarnpkg.com/postcss/-/postcss-8.4.5.tgz#bae665764dfd4c6fcc24dc0fdf7e7aa00cc77f95"
  integrity sha512-jBDboWM8qpaqwkMwItqTQTiFikhs/67OYVvblFFTM7MrZjt6yMKd6r2kgXizEbTTljacm4NldIlZnhbjr84QYg==
  dependencies:
    nanoid "^3.1.30"
    picocolors "^1.0.0"
    source-map-js "^1.0.1"

react-dom@^17.0.1:
  version "17.0.1"
  resolved "https://registry.yarnpkg.com/react-dom/-/react-dom-17.0.1.tgz#1de2560474ec9f0e334285662ede52dbc5426fc6"
  integrity sha512-6eV150oJZ9U2t9svnsspTMrWNyHc6chX0KzDeAOXftRa8bNeOKTTfCJ7KorIwenkHd2xqVTBTCZd79yk/lx/Ug==
  dependencies:
    loose-envify "^1.1.0"
    object-assign "^4.1.1"
    scheduler "^0.20.1"

react@^17.0.1:
  version "17.0.1"
  resolved "https://registry.yarnpkg.com/react/-/react-17.0.1.tgz#6e0600416bd57574e3f86d92edba3d9008726127"
  integrity sha512-lG9c9UuMHdcAexXtigOZLX8exLWkW0Ku29qPRU8uhF2R9BN96dLCt0psvzPLlHc5OWkgymP3qwTRgbnw5BKx3w==
  dependencies:
    loose-envify "^1.1.0"
    object-assign "^4.1.1"

scheduler@^0.20.1:
  version "0.20.1"
  resolved "https://registry.yarnpkg.com/scheduler/-/scheduler-0.20.1.tgz#da0b907e24026b01181ecbc75efdc7f27b5a000c"
  integrity sha512-LKTe+2xNJBNxu/QhHvDR14wUXHRQbVY5ZOYpOGWRzhydZUqrLb2JBvLPY7cAqFmqrWuDED0Mjk7013SZiOz6Bw==
  dependencies:
    loose-envify "^1.1.0"
    object-assign "^4.1.1"

simple-vdf@^1.1.1:
  version "1.1.1"
  resolved "https://registry.yarnpkg.com/simple-vdf/-/simple-vdf-1.1.1.tgz#07e2c4dec06cf614ed6f4211b18cce123c93fca9"
  integrity sha1-B+LE3sBs9hTtb0IRsYzOEjyT/Kk=

source-map-js@^1.0.1:
  version "1.0.2"
  resolved "https://registry.yarnpkg.com/source-map-js/-/source-map-js-1.0.2.tgz#adbc361d9c62df380125e7f161f71c826f1e490c"
  integrity sha512-R0XvVJ9WusLiqTCEiGCmICCMplcCkIwwR11mOSD9CR5u+IXYdiseeEuXCVAjS54zqwkLcPNnmU4OeJ6tUrWhDw==

steamid@^1.1.3:
  version "1.1.3"
  resolved "https://registry.yarnpkg.com/steamid/-/steamid-1.1.3.tgz#bd3327aa240cdcc55551bcc42be6b79f26d318c4"
  integrity sha512-t86YjtP1LtPt8D+TaIARm6PtC9tBnF1FhxQeLFs6ohG7vDUfQuy/M8II14rx1TTUkVuYoWHP/7DlvTtoCGULcw==
  dependencies:
    cuint "^0.2.1"

styled-jsx@5.0.0:
  version "5.0.0"
  resolved "https://registry.yarnpkg.com/styled-jsx/-/styled-jsx-5.0.0.tgz#816b4b92e07b1786c6b7111821750e0ba4d26e77"
  integrity sha512-qUqsWoBquEdERe10EW8vLp3jT25s/ssG1/qX5gZ4wu15OZpmSMFI2v+fWlRhLfykA5rFtlJ1ME8A8pm/peV4WA==

tslib@^1.10.0, tslib@^1.9.3:
  version "1.14.1"
  resolved "https://registry.yarnpkg.com/tslib/-/tslib-1.14.1.tgz#cf2d38bdc34a134bcaf1091c41f6619e2f672d00"
  integrity sha512-Xni35NKzjgMrwevysHTCArtLDpPvye8zV/0E4EyYn43P7/7qvQwPh9BGkHewbMulVntbigmcT7rdX3BNo9wRJg==

typescript@^4.1.3:
  version "4.1.3"
  resolved "https://registry.yarnpkg.com/typescript/-/typescript-4.1.3.tgz#519d582bd94cba0cf8934c7d8e8467e473f53bb7"
  integrity sha512-B3ZIOf1IKeH2ixgHhj6la6xdwR9QrLC5d1VKeCSY4tvkqhF2eqd9O7txNlS0PO3GrBAFIdr3L1ndNwteUbZLYg==

use-subscription@1.5.1:
  version "1.5.1"
  resolved "https://registry.yarnpkg.com/use-subscription/-/use-subscription-1.5.1.tgz#73501107f02fad84c6dd57965beb0b75c68c42d1"
  integrity sha512-Xv2a1P/yReAjAbhylMfFplFKj9GssgTwN7RlcTxBujFQcloStWNDQdc4g4NRWH9xS4i/FDk04vQBptAXoF3VcA==
  dependencies:
    object-assign "^4.1.1"
